
Microsoft Visual Studio Solution File, Format Version 12.00
Project("{FAE04EC0-301F-11D3-BF4B-00C04F79EFBC}") = "DecaEngine", "DecaEngine\DecaEngine.csproj", "{A83F2290-721A-445E-8E49-CD7277490777}"
EndProject
Project("{FAE04EC0-301F-11D3-BF4B-00C04F79EFBC}") = "DecaEngine.ImGui.Core", "DecaEngine.ImGui.Core\DecaEngine.ImGui.Core.csproj", "{DE3D91FD-6448-4679-9252-68764F27F18F}"
EndProject
Project("{FAE04EC0-301F-11D3-BF4B-00C04F79EFBC}") = "DecaEngine.Input.Core", "DecaEngine.Input.Core\DecaEngine.Input.Core.csproj", "{A7334B63-F071-42C7-AEA4-CFA3D32A98E8}"
EndProject
Project("{FAE04EC0-301F-11D3-BF4B-00C04F79EFBC}") = "DecaEngine.Input.Sdl3", "DecaEngine.Input.Sdl3\DecaEngine.Input.Sdl3.csproj", "{721CCF56-F1BD-4E1D-AA33-8F2AB5CD84EB}"
EndProject
Project("{FAE04EC0-301F-11D3-BF4B-00C04F79EFBC}") = "DecaEngine.ImGui.DiligentRender", "DecaEngine.ImGui.DiligentRender\DecaEngine.ImGui.DiligentRender.csproj", "{EE2E206A-00D6-4763-8E31-0495C77C90BB}"
EndProject
Project("{FAE04EC0-301F-11D3-BF4B-00C04F79EFBC}") = "DecaEngine.Utility", "DecaEngine.Utility\DecaEngine.Utility.csproj", "{46873242-C65D-4B49-A517-85643AD3FDA4}"
EndProject
Project("{FAE04EC0-301F-11D3-BF4B-00C04F79EFBC}") = "DecaEngine.Profiling", "DecaEngine.Profiling\DecaEngine.Profiling.csproj", "{0B44A596-6F05-4010-BFD8-50293CB6CC3E}"
EndProject
Project("{FAE04EC0-301F-11D3-BF4B-00C04F79EFBC}") = "DecaEngine.Core", "DecaEngine.Core\DecaEngine.Core.csproj", "{9AE1C3DC-09CE-459F-9727-1E64BEF326D2}"
EndProject
Project("{FAE04EC0-301F-11D3-BF4B-00C04F79EFBC}") = "DecaEngine.SourceGenerator", "DecaEngine.SourceGenerator\DecaEngine.SourceGenerator.csproj", "{2AE5B933-4B01-4EB0-BFBC-5C670D078CDB}"
EndProject
Project("{FAE04EC0-301F-11D3-BF4B-00C04F79EFBC}") = "DecaEngine.Generator", "DecaEngine.Generator\DecaEngine.Generator.csproj", "{FAE11B0F-8201-4BA9-BBDF-FC958A59F3D0}"
EndProject
Project("{FAE04EC0-301F-11D3-BF4B-00C04F79EFBC}") = "DecaEngine.Editor", "DecaEngine.Editor\DecaEngine.Editor.csproj", "{EEED9336-E330-4E23-A6E2-B1078AC0B01C}"
EndProject
Project("{FAE04EC0-301F-11D3-BF4B-00C04F79EFBC}") = "DecaEngine.Generic", "DecaEngine.Generic\DecaEngine.Generic.csproj", "{9EFF232C-2939-42CC-A005-4F7A38BF8886}"
EndProject
Project("{FAE04EC0-301F-11D3-BF4B-00C04F79EFBC}") = "DecaEngine.Sdl3", "DecaEngine.Sdl3\DecaEngine.Sdl3.csproj", "{9C4ED0E9-B51A-4A4F-BA1B-1C4B209A0B92}"
EndProject
Project("{FAE04EC0-301F-11D3-BF4B-00C04F79EFBC}") = "DecaEngine.Graphics.Diligent", "DecaEngine.Graphics.Diligent\DecaEngine.Graphics.Diligent.csproj", "{68E4AB68-9F44-407B-A386-D903DA74B26B}"
EndProject
Project("{FAE04EC0-301F-11D3-BF4B-00C04F79EFBC}") = "DecaEngine.Core.Build", "DecaEngine.Core.Build\DecaEngine.Core.Build.csproj", "{4837E73B-2B12-442F-98D9-EE6E8789C592}"
EndProject
Project("{FAE04EC0-301F-11D3-BF4B-00C04F79EFBC}") = "DecaEngine.Graphics.Core", "DecaEngine.Graphics.Core\DecaEngine.Graphics.Core.csproj", "{549DA72F-7220-450C-8391-A94D74CC56D0}"
EndProject
Global
	GlobalSection(SolutionConfigurationPlatforms) = preSolution
		Debug|x64 = Debug|x64
		Release|x64 = Release|x64
	EndGlobalSection
	GlobalSection(ProjectConfigurationPlatforms) = postSolution
		{A83F2290-721A-445E-8E49-CD7277490777}.Release|x64.ActiveCfg = Release|x64
		{A83F2290-721A-445E-8E49-CD7277490777}.Release|x64.Build.0 = Release|x64
		{A83F2290-721A-445E-8E49-CD7277490777}.Debug|x64.ActiveCfg = Debug|x64
		{A83F2290-721A-445E-8E49-CD7277490777}.Debug|x64.Build.0 = Debug|x64
		{DE3D91FD-6448-4679-9252-68764F27F18F}.Debug|x64.ActiveCfg = Debug|Any CPU
		{DE3D91FD-6448-4679-9252-68764F27F18F}.Debug|x64.Build.0 = Debug|Any CPU
		{DE3D91FD-6448-4679-9252-68764F27F18F}.Release|x64.ActiveCfg = Release|Any CPU
		{DE3D91FD-6448-4679-9252-68764F27F18F}.Release|x64.Build.0 = Release|Any CPU
		{A7334B63-F071-42C7-AEA4-CFA3D32A98E8}.Debug|x64.ActiveCfg = Debug|Any CPU
		{A7334B63-F071-42C7-AEA4-CFA3D32A98E8}.Debug|x64.Build.0 = Debug|Any CPU
		{A7334B63-F071-42C7-AEA4-CFA3D32A98E8}.Release|x64.ActiveCfg = Release|Any CPU
		{A7334B63-F071-42C7-AEA4-CFA3D32A98E8}.Release|x64.Build.0 = Release|Any CPU
		{721CCF56-F1BD-4E1D-AA33-8F2AB5CD84EB}.Debug|x64.ActiveCfg = Debug|Any CPU
		{721CCF56-F1BD-4E1D-AA33-8F2AB5CD84EB}.Debug|x64.Build.0 = Debug|Any CPU
		{721CCF56-F1BD-4E1D-AA33-8F2AB5CD84EB}.Release|x64.ActiveCfg = Release|Any CPU
		{721CCF56-F1BD-4E1D-AA33-8F2AB5CD84EB}.Release|x64.Build.0 = Release|Any CPU
		{EE2E206A-00D6-4763-8E31-0495C77C90BB}.Release|x64.ActiveCfg = Release|x64
		{EE2E206A-00D6-4763-8E31-0495C77C90BB}.Release|x64.Build.0 = Release|x64
		{EE2E206A-00D6-4763-8E31-0495C77C90BB}.Debug|x64.ActiveCfg = Debug|x64
		{EE2E206A-00D6-4763-8E31-0495C77C90BB}.Debug|x64.Build.0 = Debug|x64
		{46873242-C65D-4B49-A517-85643AD3FDA4}.Debug|x64.ActiveCfg = Debug|Any CPU
		{46873242-C65D-4B49-A517-85643AD3FDA4}.Debug|x64.Build.0 = Debug|Any CPU
		{46873242-C65D-4B49-A517-85643AD3FDA4}.Release|x64.ActiveCfg = Release|Any CPU
		{46873242-C65D-4B49-A517-85643AD3FDA4}.Release|x64.Build.0 = Release|Any CPU
		{0B44A596-6F05-4010-BFD8-50293CB6CC3E}.Debug|x64.ActiveCfg = Debug|Any CPU
		{0B44A596-6F05-4010-BFD8-50293CB6CC3E}.Debug|x64.Build.0 = Debug|Any CPU
		{0B44A596-6F05-4010-BFD8-50293CB6CC3E}.Release|x64.ActiveCfg = Release|Any CPU
		{0B44A596-6F05-4010-BFD8-50293CB6CC3E}.Release|x64.Build.0 = Release|Any CPU
		{9AE1C3DC-09CE-459F-9727-1E64BEF326D2}.Release|x64.ActiveCfg = Release|x64
		{9AE1C3DC-09CE-459F-9727-1E64BEF326D2}.Release|x64.Build.0 = Release|x64
		{9AE1C3DC-09CE-459F-9727-1E64BEF326D2}.Debug|x64.ActiveCfg = Debug|x64
		{9AE1C3DC-09CE-459F-9727-1E64BEF326D2}.Debug|x64.Build.0 = Debug|x64
		{2AE5B933-4B01-4EB0-BFBC-5C670D078CDB}.Debug|x64.ActiveCfg = Debug|Any CPU
		{2AE5B933-4B01-4EB0-BFBC-5C670D078CDB}.Debug|x64.Build.0 = Debug|Any CPU
		{2AE5B933-4B01-4EB0-BFBC-5C670D078CDB}.Release|x64.ActiveCfg = Release|Any CPU
		{2AE5B933-4B01-4EB0-BFBC-5C670D078CDB}.Release|x64.Build.0 = Release|Any CPU
		{FAE11B0F-8201-4BA9-BBDF-FC958A59F3D0}.Debug|x64.ActiveCfg = Debug|Any CPU
		{FAE11B0F-8201-4BA9-BBDF-FC958A59F3D0}.Debug|x64.Build.0 = Debug|Any CPU
		{FAE11B0F-8201-4BA9-BBDF-FC958A59F3D0}.Release|x64.ActiveCfg = Release|Any CPU
		{FAE11B0F-8201-4BA9-BBDF-FC958A59F3D0}.Release|x64.Build.0 = Release|Any CPU
		{EEED9336-E330-4E23-A6E2-B1078AC0B01C}.Debug|x64.ActiveCfg = Debug|Any CPU
		{EEED9336-E330-4E23-A6E2-B1078AC0B01C}.Debug|x64.Build.0 = Debug|Any CPU
		{EEED9336-E330-4E23-A6E2-B1078AC0B01C}.Release|x64.ActiveCfg = Release|Any CPU
		{EEED9336-E330-4E23-A6E2-B1078AC0B01C}.Release|x64.Build.0 = Release|Any CPU
		{9EFF232C-2939-42CC-A005-4F7A38BF8886}.Debug|x64.ActiveCfg = Debug|Any CPU
		{9EFF232C-2939-42CC-A005-4F7A38BF8886}.Debug|x64.Build.0 = Debug|Any CPU
		{9EFF232C-2939-42CC-A005-4F7A38BF8886}.Release|x64.ActiveCfg = Release|Any CPU
		{9EFF232C-2939-42CC-A005-4F7A38BF8886}.Release|x64.Build.0 = Release|Any CPU
		{9C4ED0E9-B51A-4A4F-BA1B-1C4B209A0B92}.Debug|x64.ActiveCfg = Debug|Any CPU
		{9C4ED0E9-B51A-4A4F-BA1B-1C4B209A0B92}.Debug|x64.Build.0 = Debug|Any CPU
		{9C4ED0E9-B51A-4A4F-BA1B-1C4B209A0B92}.Release|x64.ActiveCfg = Release|Any CPU
		{9C4ED0E9-B51A-4A4F-BA1B-1C4B209A0B92}.Release|x64.Build.0 = Release|Any CPU
		{68E4AB68-9F44-407B-A386-D903DA74B26B}.Release|x64.ActiveCfg = Release|x64
		{68E4AB68-9F44-407B-A386-D903DA74B26B}.Release|x64.Build.0 = Release|x64
		{68E4AB68-9F44-407B-A386-D903DA74B26B}.Debug|x64.ActiveCfg = Debug|x64
		{68E4AB68-9F44-407B-A386-D903DA74B26B}.Debug|x64.Build.0 = Debug|x64
		{4837E73B-2B12-442F-98D9-EE6E8789C592}.Debug|x64.ActiveCfg = Debug|Any CPU
		{4837E73B-2B12-442F-98D9-EE6E8789C592}.Debug|x64.Build.0 = Debug|Any CPU
		{4837E73B-2B12-442F-98D9-EE6E8789C592}.Release|x64.ActiveCfg = Release|Any CPU
		{4837E73B-2B12-442F-98D9-EE6E8789C592}.Release|x64.Build.0 = Release|Any CPU
		{549DA72F-7220-450C-8391-A94D74CC56D0}.Debug|x64.ActiveCfg = Debug|Any CPU
		{549DA72F-7220-450C-8391-A94D74CC56D0}.Debug|x64.Build.0 = Debug|Any CPU
		{549DA72F-7220-450C-8391-A94D74CC56D0}.Release|x64.ActiveCfg = Release|Any CPU
		{549DA72F-7220-450C-8391-A94D74CC56D0}.Release|x64.Build.0 = Release|Any CPU
	EndGlobalSection
EndGlobal
