
Microsoft Visual Studio Solution File, Format Version 12.00
Project("{FAE04EC0-301F-11D3-BF4B-00C04F79EFBC}") = "DecaEngine", "DecaEngine\DecaEngine.csproj", "{A83F2290-721A-445E-8E49-CD7277490777}"
EndProject
Project("{FAE04EC0-301F-11D3-BF4B-00C04F79EFBC}") = "DecaEngine.ImGui.Core", "DecaEngine.ImGui.Core\DecaEngine.ImGui.Core.csproj", "{DE3D91FD-6448-4679-9252-68764F27F18F}"
EndProject
Project("{FAE04EC0-301F-11D3-BF4B-00C04F79EFBC}") = "DecaEngine.Input.Core", "DecaEngine.Input.Core\DecaEngine.Input.Core.csproj", "{A7334B63-F071-42C7-AEA4-CFA3D32A98E8}"
EndProject
Project("{FAE04EC0-301F-11D3-BF4B-00C04F79EFBC}") = "DecaEngine.Input.Sdl3", "DecaEngine.Input.Sdl3\DecaEngine.Input.Sdl3.csproj", "{721CCF56-F1BD-4E1D-AA33-8F2AB5CD84EB}"
EndProject
Project("{FAE04EC0-301F-11D3-BF4B-00C04F79EFBC}") = "DecaEngine.ImGui.DiligentRender", "DecaEngine.ImGui.DiligentRender\DecaEngine.ImGui.DiligentRender.csproj", "{EE2E206A-00D6-4763-8E31-0495C77C90BB}"
EndProject
Project("{FAE04EC0-301F-11D3-BF4B-00C04F79EFBC}") = "DecaEngine.Utility", "DecaEngine.Utility\DecaEngine.Utility.csproj", "{46873242-C65D-4B49-A517-85643AD3FDA4}"
EndProject
Project("{FAE04EC0-301F-11D3-BF4B-00C04F79EFBC}") = "DecaEngine.Profiling", "DecaEngine.Profiling\DecaEngine.Profiling.csproj", "{0B44A596-6F05-4010-BFD8-50293CB6CC3E}"
EndProject
Project("{FAE04EC0-301F-11D3-BF4B-00C04F79EFBC}") = "DecaEngine.Core", "DecaEngine.Core\DecaEngine.Core.csproj", "{9AE1C3DC-09CE-459F-9727-1E64BEF326D2}"
EndProject
Project("{FAE04EC0-301F-11D3-BF4B-00C04F79EFBC}") = "DecaEngine.SourceGenerator", "DecaEngine.SourceGenerator\DecaEngine.SourceGenerator.csproj", "{2AE5B933-4B01-4EB0-BFBC-5C670D078CDB}"
EndProject
Project("{FAE04EC0-301F-11D3-BF4B-00C04F79EFBC}") = "DecaEngine.Generator", "DecaEngine.Generator\DecaEngine.Generator.csproj", "{FAE11B0F-8201-4BA9-BBDF-FC958A59F3D0}"
EndProject
Project("{FAE04EC0-301F-11D3-BF4B-00C04F79EFBC}") = "DecaEngine.Editor", "DecaEngine.Editor\DecaEngine.Editor.csproj", "{EEED9336-E330-4E23-A6E2-B1078AC0B01C}"
EndProject
Project("{FAE04EC0-301F-11D3-BF4B-00C04F79EFBC}") = "DecaEngine.Generic", "DecaEngine.Generic\DecaEngine.Generic.csproj", "{9EFF232C-2939-42CC-A005-4F7A38BF8886}"
EndProject
Project("{FAE04EC0-301F-11D3-BF4B-00C04F79EFBC}") = "DecaEngine.Sdl3", "DecaEngine.Sdl3\DecaEngine.Sdl3.csproj", "{9C4ED0E9-B51A-4A4F-BA1B-1C4B209A0B92}"
EndProject
Project("{FAE04EC0-301F-11D3-BF4B-00C04F79EFBC}") = "DecaEngine.Graphics.Diligent", "DecaEngine.Graphics.Diligent\DecaEngine.Graphics.Diligent.csproj", "{68E4AB68-9F44-407B-A386-D903DA74B26B}"
EndProject
Project("{FAE04EC0-301F-11D3-BF4B-00C04F79EFBC}") = "DecaEngine.Core.Build", "DecaEngine.Core.Build\DecaEngine.Core.Build.csproj", "{4837E73B-2B12-442F-98D9-EE6E8789C592}"
EndProject
Project("{FAE04EC0-301F-11D3-BF4B-00C04F79EFBC}") = "DecaEngine.Graphics.Core", "DecaEngine.Graphics.Core\DecaEngine.Graphics.Core.csproj", "{549DA72F-7220-450C-8391-A94D74CC56D0}"
EndProject
Project("{FAE04EC0-301F-11D3-BF4B-00C04F79EFBC}") = "DecaEngine.Physics.Bepu", "DecaEngine.Physics.Bepu\DecaEngine.Physics.Bepu.csproj", "{04ACBF66-652B-4751-B2A3-C8F2AE22E353}"
EndProject
Project("{FAE04EC0-301F-11D3-BF4B-00C04F79EFBC}") = "DecaEngine.Tests", "DecaEngine.Tests\DecaEngine.Tests.csproj", "{6BD0E0EC-5D1B-4220-889B-13681FA52B1E}"
EndProject
Project("{FAE04EC0-301F-11D3-BF4B-00C04F79EFBC}") = "DecaEngine.Graphics.ProbeGi", "DecaEngine.Graphics.ProbeGi\DecaEngine.Graphics.ProbeGi.csproj", "{C360BB2B-AAF4-44DE-B335-91F3A91E7B9A}"
EndProject
Project("{FAE04EC0-301F-11D3-BF4B-00C04F79EFBC}") = "DecaEngine.Scene", "DecaEngine.Scene\DecaEngine.Scene.csproj", "{153FD3CC-BE60-4BE1-967E-25BEDD7B9CB2}"
EndProject
Global
	GlobalSection(SolutionConfigurationPlatforms) = preSolution
		Debug|x64 = Debug|x64
		Debug|Any CPU = Debug|Any CPU
		Debug|x86 = Debug|x86
		Release|x64 = Release|x64
		Release|Any CPU = Release|Any CPU
		Release|x86 = Release|x86
	EndGlobalSection
	GlobalSection(ProjectConfigurationPlatforms) = postSolution
		{A83F2290-721A-445E-8E49-CD7277490777}.Debug|x64.ActiveCfg = Debug|x64
		{A83F2290-721A-445E-8E49-CD7277490777}.Debug|x64.Build.0 = Debug|x64
		{A83F2290-721A-445E-8E49-CD7277490777}.Debug|Any CPU.ActiveCfg = Debug|Any CPU
		{A83F2290-721A-445E-8E49-CD7277490777}.Debug|Any CPU.Build.0 = Debug|Any CPU
		{A83F2290-721A-445E-8E49-CD7277490777}.Debug|x86.ActiveCfg = Debug|Any CPU
		{A83F2290-721A-445E-8E49-CD7277490777}.Debug|x86.Build.0 = Debug|Any CPU
		{A83F2290-721A-445E-8E49-CD7277490777}.Release|x64.ActiveCfg = Release|x64
		{A83F2290-721A-445E-8E49-CD7277490777}.Release|x64.Build.0 = Release|x64
		{A83F2290-721A-445E-8E49-CD7277490777}.Release|Any CPU.ActiveCfg = Release|Any CPU
		{A83F2290-721A-445E-8E49-CD7277490777}.Release|Any CPU.Build.0 = Release|Any CPU
		{A83F2290-721A-445E-8E49-CD7277490777}.Release|x86.ActiveCfg = Release|Any CPU
		{A83F2290-721A-445E-8E49-CD7277490777}.Release|x86.Build.0 = Release|Any CPU
		{DE3D91FD-6448-4679-9252-68764F27F18F}.Debug|x64.ActiveCfg = Debug|Any CPU
		{DE3D91FD-6448-4679-9252-68764F27F18F}.Debug|x64.Build.0 = Debug|Any CPU
		{DE3D91FD-6448-4679-9252-68764F27F18F}.Debug|Any CPU.ActiveCfg = Debug|Any CPU
		{DE3D91FD-6448-4679-9252-68764F27F18F}.Debug|Any CPU.Build.0 = Debug|Any CPU
		{DE3D91FD-6448-4679-9252-68764F27F18F}.Debug|x86.ActiveCfg = Debug|Any CPU
		{DE3D91FD-6448-4679-9252-68764F27F18F}.Debug|x86.Build.0 = Debug|Any CPU
		{DE3D91FD-6448-4679-9252-68764F27F18F}.Release|x64.ActiveCfg = Release|Any CPU
		{DE3D91FD-6448-4679-9252-68764F27F18F}.Release|x64.Build.0 = Release|Any CPU
		{DE3D91FD-6448-4679-9252-68764F27F18F}.Release|Any CPU.ActiveCfg = Release|Any CPU
		{DE3D91FD-6448-4679-9252-68764F27F18F}.Release|Any CPU.Build.0 = Release|Any CPU
		{DE3D91FD-6448-4679-9252-68764F27F18F}.Release|x86.ActiveCfg = Release|Any CPU
		{DE3D91FD-6448-4679-9252-68764F27F18F}.Release|x86.Build.0 = Release|Any CPU
		{A7334B63-F071-42C7-AEA4-CFA3D32A98E8}.Debug|x64.ActiveCfg = Debug|Any CPU
		{A7334B63-F071-42C7-AEA4-CFA3D32A98E8}.Debug|x64.Build.0 = Debug|Any CPU
		{A7334B63-F071-42C7-AEA4-CFA3D32A98E8}.Debug|Any CPU.ActiveCfg = Debug|Any CPU
		{A7334B63-F071-42C7-AEA4-CFA3D32A98E8}.Debug|Any CPU.Build.0 = Debug|Any CPU
		{A7334B63-F071-42C7-AEA4-CFA3D32A98E8}.Debug|x86.ActiveCfg = Debug|Any CPU
		{A7334B63-F071-42C7-AEA4-CFA3D32A98E8}.Debug|x86.Build.0 = Debug|Any CPU
		{A7334B63-F071-42C7-AEA4-CFA3D32A98E8}.Release|x64.ActiveCfg = Release|Any CPU
		{A7334B63-F071-42C7-AEA4-CFA3D32A98E8}.Release|x64.Build.0 = Release|Any CPU
		{A7334B63-F071-42C7-AEA4-CFA3D32A98E8}.Release|Any CPU.ActiveCfg = Release|Any CPU
		{A7334B63-F071-42C7-AEA4-CFA3D32A98E8}.Release|Any CPU.Build.0 = Release|Any CPU
		{A7334B63-F071-42C7-AEA4-CFA3D32A98E8}.Release|x86.ActiveCfg = Release|Any CPU
		{A7334B63-F071-42C7-AEA4-CFA3D32A98E8}.Release|x86.Build.0 = Release|Any CPU
		{721CCF56-F1BD-4E1D-AA33-8F2AB5CD84EB}.Debug|x64.ActiveCfg = Debug|Any CPU
		{721CCF56-F1BD-4E1D-AA33-8F2AB5CD84EB}.Debug|x64.Build.0 = Debug|Any CPU
		{721CCF56-F1BD-4E1D-AA33-8F2AB5CD84EB}.Debug|Any CPU.ActiveCfg = Debug|Any CPU
		{721CCF56-F1BD-4E1D-AA33-8F2AB5CD84EB}.Debug|Any CPU.Build.0 = Debug|Any CPU
		{721CCF56-F1BD-4E1D-AA33-8F2AB5CD84EB}.Debug|x86.ActiveCfg = Debug|Any CPU
		{721CCF56-F1BD-4E1D-AA33-8F2AB5CD84EB}.Debug|x86.Build.0 = Debug|Any CPU
		{721CCF56-F1BD-4E1D-AA33-8F2AB5CD84EB}.Release|x64.ActiveCfg = Release|Any CPU
		{721CCF56-F1BD-4E1D-AA33-8F2AB5CD84EB}.Release|x64.Build.0 = Release|Any CPU
		{721CCF56-F1BD-4E1D-AA33-8F2AB5CD84EB}.Release|Any CPU.ActiveCfg = Release|Any CPU
		{721CCF56-F1BD-4E1D-AA33-8F2AB5CD84EB}.Release|Any CPU.Build.0 = Release|Any CPU
		{721CCF56-F1BD-4E1D-AA33-8F2AB5CD84EB}.Release|x86.ActiveCfg = Release|Any CPU
		{721CCF56-F1BD-4E1D-AA33-8F2AB5CD84EB}.Release|x86.Build.0 = Release|Any CPU
		{EE2E206A-00D6-4763-8E31-0495C77C90BB}.Debug|x64.ActiveCfg = Debug|x64
		{EE2E206A-00D6-4763-8E31-0495C77C90BB}.Debug|x64.Build.0 = Debug|x64
		{EE2E206A-00D6-4763-8E31-0495C77C90BB}.Debug|Any CPU.ActiveCfg = Debug|Any CPU
		{EE2E206A-00D6-4763-8E31-0495C77C90BB}.Debug|Any CPU.Build.0 = Debug|Any CPU
		{EE2E206A-00D6-4763-8E31-0495C77C90BB}.Debug|x86.ActiveCfg = Debug|Any CPU
		{EE2E206A-00D6-4763-8E31-0495C77C90BB}.Debug|x86.Build.0 = Debug|Any CPU
		{EE2E206A-00D6-4763-8E31-0495C77C90BB}.Release|x64.ActiveCfg = Release|x64
		{EE2E206A-00D6-4763-8E31-0495C77C90BB}.Release|x64.Build.0 = Release|x64
		{EE2E206A-00D6-4763-8E31-0495C77C90BB}.Release|Any CPU.ActiveCfg = Release|Any CPU
		{EE2E206A-00D6-4763-8E31-0495C77C90BB}.Release|Any CPU.Build.0 = Release|Any CPU
		{EE2E206A-00D6-4763-8E31-0495C77C90BB}.Release|x86.ActiveCfg = Release|Any CPU
		{EE2E206A-00D6-4763-8E31-0495C77C90BB}.Release|x86.Build.0 = Release|Any CPU
		{46873242-C65D-4B49-A517-85643AD3FDA4}.Debug|x64.ActiveCfg = Debug|Any CPU
		{46873242-C65D-4B49-A517-85643AD3FDA4}.Debug|x64.Build.0 = Debug|Any CPU
		{46873242-C65D-4B49-A517-85643AD3FDA4}.Debug|Any CPU.ActiveCfg = Debug|Any CPU
		{46873242-C65D-4B49-A517-85643AD3FDA4}.Debug|Any CPU.Build.0 = Debug|Any CPU
		{46873242-C65D-4B49-A517-85643AD3FDA4}.Debug|x86.ActiveCfg = Debug|Any CPU
		{46873242-C65D-4B49-A517-85643AD3FDA4}.Debug|x86.Build.0 = Debug|Any CPU
		{46873242-C65D-4B49-A517-85643AD3FDA4}.Release|x64.ActiveCfg = Release|Any CPU
		{46873242-C65D-4B49-A517-85643AD3FDA4}.Release|x64.Build.0 = Release|Any CPU
		{46873242-C65D-4B49-A517-85643AD3FDA4}.Release|Any CPU.ActiveCfg = Release|Any CPU
		{46873242-C65D-4B49-A517-85643AD3FDA4}.Release|Any CPU.Build.0 = Release|Any CPU
		{46873242-C65D-4B49-A517-85643AD3FDA4}.Release|x86.ActiveCfg = Release|Any CPU
		{46873242-C65D-4B49-A517-85643AD3FDA4}.Release|x86.Build.0 = Release|Any CPU
		{0B44A596-6F05-4010-BFD8-50293CB6CC3E}.Debug|x64.ActiveCfg = Debug|Any CPU
		{0B44A596-6F05-4010-BFD8-50293CB6CC3E}.Debug|x64.Build.0 = Debug|Any CPU
		{0B44A596-6F05-4010-BFD8-50293CB6CC3E}.Debug|Any CPU.ActiveCfg = Debug|Any CPU
		{0B44A596-6F05-4010-BFD8-50293CB6CC3E}.Debug|Any CPU.Build.0 = Debug|Any CPU
		{0B44A596-6F05-4010-BFD8-50293CB6CC3E}.Debug|x86.ActiveCfg = Debug|Any CPU
		{0B44A596-6F05-4010-BFD8-50293CB6CC3E}.Debug|x86.Build.0 = Debug|Any CPU
		{0B44A596-6F05-4010-BFD8-50293CB6CC3E}.Release|x64.ActiveCfg = Release|Any CPU
		{0B44A596-6F05-4010-BFD8-50293CB6CC3E}.Release|x64.Build.0 = Release|Any CPU
		{0B44A596-6F05-4010-BFD8-50293CB6CC3E}.Release|Any CPU.ActiveCfg = Release|Any CPU
		{0B44A596-6F05-4010-BFD8-50293CB6CC3E}.Release|Any CPU.Build.0 = Release|Any CPU
		{0B44A596-6F05-4010-BFD8-50293CB6CC3E}.Release|x86.ActiveCfg = Release|Any CPU
		{0B44A596-6F05-4010-BFD8-50293CB6CC3E}.Release|x86.Build.0 = Release|Any CPU
		{9AE1C3DC-09CE-459F-9727-1E64BEF326D2}.Debug|x64.ActiveCfg = Debug|x64
		{9AE1C3DC-09CE-459F-9727-1E64BEF326D2}.Debug|x64.Build.0 = Debug|x64
		{9AE1C3DC-09CE-459F-9727-1E64BEF326D2}.Debug|Any CPU.ActiveCfg = Debug|Any CPU
		{9AE1C3DC-09CE-459F-9727-1E64BEF326D2}.Debug|Any CPU.Build.0 = Debug|Any CPU
		{9AE1C3DC-09CE-459F-9727-1E64BEF326D2}.Debug|x86.ActiveCfg = Debug|Any CPU
		{9AE1C3DC-09CE-459F-9727-1E64BEF326D2}.Debug|x86.Build.0 = Debug|Any CPU
		{9AE1C3DC-09CE-459F-9727-1E64BEF326D2}.Release|x64.ActiveCfg = Release|x64
		{9AE1C3DC-09CE-459F-9727-1E64BEF326D2}.Release|x64.Build.0 = Release|x64
		{9AE1C3DC-09CE-459F-9727-1E64BEF326D2}.Release|Any CPU.ActiveCfg = Release|Any CPU
		{9AE1C3DC-09CE-459F-9727-1E64BEF326D2}.Release|Any CPU.Build.0 = Release|Any CPU
		{9AE1C3DC-09CE-459F-9727-1E64BEF326D2}.Release|x86.ActiveCfg = Release|Any CPU
		{9AE1C3DC-09CE-459F-9727-1E64BEF326D2}.Release|x86.Build.0 = Release|Any CPU
		{2AE5B933-4B01-4EB0-BFBC-5C670D078CDB}.Debug|x64.ActiveCfg = Debug|Any CPU
		{2AE5B933-4B01-4EB0-BFBC-5C670D078CDB}.Debug|x64.Build.0 = Debug|Any CPU
		{2AE5B933-4B01-4EB0-BFBC-5C670D078CDB}.Debug|Any CPU.ActiveCfg = Debug|Any CPU
		{2AE5B933-4B01-4EB0-BFBC-5C670D078CDB}.Debug|Any CPU.Build.0 = Debug|Any CPU
		{2AE5B933-4B01-4EB0-BFBC-5C670D078CDB}.Debug|x86.ActiveCfg = Debug|Any CPU
		{2AE5B933-4B01-4EB0-BFBC-5C670D078CDB}.Debug|x86.Build.0 = Debug|Any CPU
		{2AE5B933-4B01-4EB0-BFBC-5C670D078CDB}.Release|x64.ActiveCfg = Release|Any CPU
		{2AE5B933-4B01-4EB0-BFBC-5C670D078CDB}.Release|x64.Build.0 = Release|Any CPU
		{2AE5B933-4B01-4EB0-BFBC-5C670D078CDB}.Release|Any CPU.ActiveCfg = Release|Any CPU
		{2AE5B933-4B01-4EB0-BFBC-5C670D078CDB}.Release|Any CPU.Build.0 = Release|Any CPU
		{2AE5B933-4B01-4EB0-BFBC-5C670D078CDB}.Release|x86.ActiveCfg = Release|Any CPU
		{2AE5B933-4B01-4EB0-BFBC-5C670D078CDB}.Release|x86.Build.0 = Release|Any CPU
		{FAE11B0F-8201-4BA9-BBDF-FC958A59F3D0}.Debug|x64.ActiveCfg = Debug|Any CPU
		{FAE11B0F-8201-4BA9-BBDF-FC958A59F3D0}.Debug|x64.Build.0 = Debug|Any CPU
		{FAE11B0F-8201-4BA9-BBDF-FC958A59F3D0}.Debug|Any CPU.ActiveCfg = Debug|Any CPU
		{FAE11B0F-8201-4BA9-BBDF-FC958A59F3D0}.Debug|Any CPU.Build.0 = Debug|Any CPU
		{FAE11B0F-8201-4BA9-BBDF-FC958A59F3D0}.Debug|x86.ActiveCfg = Debug|Any CPU
		{FAE11B0F-8201-4BA9-BBDF-FC958A59F3D0}.Debug|x86.Build.0 = Debug|Any CPU
		{FAE11B0F-8201-4BA9-BBDF-FC958A59F3D0}.Release|x64.ActiveCfg = Release|Any CPU
		{FAE11B0F-8201-4BA9-BBDF-FC958A59F3D0}.Release|x64.Build.0 = Release|Any CPU
		{FAE11B0F-8201-4BA9-BBDF-FC958A59F3D0}.Release|Any CPU.ActiveCfg = Release|Any CPU
		{FAE11B0F-8201-4BA9-BBDF-FC958A59F3D0}.Release|Any CPU.Build.0 = Release|Any CPU
		{FAE11B0F-8201-4BA9-BBDF-FC958A59F3D0}.Release|x86.ActiveCfg = Release|Any CPU
		{FAE11B0F-8201-4BA9-BBDF-FC958A59F3D0}.Release|x86.Build.0 = Release|Any CPU
		{EEED9336-E330-4E23-A6E2-B1078AC0B01C}.Debug|x64.ActiveCfg = Debug|Any CPU
		{EEED9336-E330-4E23-A6E2-B1078AC0B01C}.Debug|x64.Build.0 = Debug|Any CPU
		{EEED9336-E330-4E23-A6E2-B1078AC0B01C}.Debug|Any CPU.ActiveCfg = Debug|Any CPU
		{EEED9336-E330-4E23-A6E2-B1078AC0B01C}.Debug|Any CPU.Build.0 = Debug|Any CPU
		{EEED9336-E330-4E23-A6E2-B1078AC0B01C}.Debug|x86.ActiveCfg = Debug|Any CPU
		{EEED9336-E330-4E23-A6E2-B1078AC0B01C}.Debug|x86.Build.0 = Debug|Any CPU
		{EEED9336-E330-4E23-A6E2-B1078AC0B01C}.Release|x64.ActiveCfg = Release|Any CPU
		{EEED9336-E330-4E23-A6E2-B1078AC0B01C}.Release|x64.Build.0 = Release|Any CPU
		{EEED9336-E330-4E23-A6E2-B1078AC0B01C}.Release|Any CPU.ActiveCfg = Release|Any CPU
		{EEED9336-E330-4E23-A6E2-B1078AC0B01C}.Release|Any CPU.Build.0 = Release|Any CPU
		{EEED9336-E330-4E23-A6E2-B1078AC0B01C}.Release|x86.ActiveCfg = Release|Any CPU
		{EEED9336-E330-4E23-A6E2-B1078AC0B01C}.Release|x86.Build.0 = Release|Any CPU
		{9EFF232C-2939-42CC-A005-4F7A38BF8886}.Debug|x64.ActiveCfg = Debug|Any CPU
		{9EFF232C-2939-42CC-A005-4F7A38BF8886}.Debug|x64.Build.0 = Debug|Any CPU
		{9EFF232C-2939-42CC-A005-4F7A38BF8886}.Debug|Any CPU.ActiveCfg = Debug|Any CPU
		{9EFF232C-2939-42CC-A005-4F7A38BF8886}.Debug|Any CPU.Build.0 = Debug|Any CPU
		{9EFF232C-2939-42CC-A005-4F7A38BF8886}.Debug|x86.ActiveCfg = Debug|Any CPU
		{9EFF232C-2939-42CC-A005-4F7A38BF8886}.Debug|x86.Build.0 = Debug|Any CPU
		{9EFF232C-2939-42CC-A005-4F7A38BF8886}.Release|x64.ActiveCfg = Release|Any CPU
		{9EFF232C-2939-42CC-A005-4F7A38BF8886}.Release|x64.Build.0 = Release|Any CPU
		{9EFF232C-2939-42CC-A005-4F7A38BF8886}.Release|Any CPU.ActiveCfg = Release|Any CPU
		{9EFF232C-2939-42CC-A005-4F7A38BF8886}.Release|Any CPU.Build.0 = Release|Any CPU
		{9EFF232C-2939-42CC-A005-4F7A38BF8886}.Release|x86.ActiveCfg = Release|Any CPU
		{9EFF232C-2939-42CC-A005-4F7A38BF8886}.Release|x86.Build.0 = Release|Any CPU
		{9C4ED0E9-B51A-4A4F-BA1B-1C4B209A0B92}.Debug|x64.ActiveCfg = Debug|Any CPU
		{9C4ED0E9-B51A-4A4F-BA1B-1C4B209A0B92}.Debug|x64.Build.0 = Debug|Any CPU
		{9C4ED0E9-B51A-4A4F-BA1B-1C4B209A0B92}.Debug|Any CPU.ActiveCfg = Debug|Any CPU
		{9C4ED0E9-B51A-4A4F-BA1B-1C4B209A0B92}.Debug|Any CPU.Build.0 = Debug|Any CPU
		{9C4ED0E9-B51A-4A4F-BA1B-1C4B209A0B92}.Debug|x86.ActiveCfg = Debug|Any CPU
		{9C4ED0E9-B51A-4A4F-BA1B-1C4B209A0B92}.Debug|x86.Build.0 = Debug|Any CPU
		{9C4ED0E9-B51A-4A4F-BA1B-1C4B209A0B92}.Release|x64.ActiveCfg = Release|Any CPU
		{9C4ED0E9-B51A-4A4F-BA1B-1C4B209A0B92}.Release|x64.Build.0 = Release|Any CPU
		{9C4ED0E9-B51A-4A4F-BA1B-1C4B209A0B92}.Release|Any CPU.ActiveCfg = Release|Any CPU
		{9C4ED0E9-B51A-4A4F-BA1B-1C4B209A0B92}.Release|Any CPU.Build.0 = Release|Any CPU
		{9C4ED0E9-B51A-4A4F-BA1B-1C4B209A0B92}.Release|x86.ActiveCfg = Release|Any CPU
		{9C4ED0E9-B51A-4A4F-BA1B-1C4B209A0B92}.Release|x86.Build.0 = Release|Any CPU
		{68E4AB68-9F44-407B-A386-D903DA74B26B}.Debug|x64.ActiveCfg = Debug|x64
		{68E4AB68-9F44-407B-A386-D903DA74B26B}.Debug|x64.Build.0 = Debug|x64
		{68E4AB68-9F44-407B-A386-D903DA74B26B}.Debug|Any CPU.ActiveCfg = Debug|Any CPU
		{68E4AB68-9F44-407B-A386-D903DA74B26B}.Debug|Any CPU.Build.0 = Debug|Any CPU
		{68E4AB68-9F44-407B-A386-D903DA74B26B}.Debug|x86.ActiveCfg = Debug|Any CPU
		{68E4AB68-9F44-407B-A386-D903DA74B26B}.Debug|x86.Build.0 = Debug|Any CPU
		{68E4AB68-9F44-407B-A386-D903DA74B26B}.Release|x64.ActiveCfg = Release|x64
		{68E4AB68-9F44-407B-A386-D903DA74B26B}.Release|x64.Build.0 = Release|x64
		{68E4AB68-9F44-407B-A386-D903DA74B26B}.Release|Any CPU.ActiveCfg = Release|Any CPU
		{68E4AB68-9F44-407B-A386-D903DA74B26B}.Release|Any CPU.Build.0 = Release|Any CPU
		{68E4AB68-9F44-407B-A386-D903DA74B26B}.Release|x86.ActiveCfg = Release|Any CPU
		{68E4AB68-9F44-407B-A386-D903DA74B26B}.Release|x86.Build.0 = Release|Any CPU
		{4837E73B-2B12-442F-98D9-EE6E8789C592}.Debug|x64.ActiveCfg = Debug|Any CPU
		{4837E73B-2B12-442F-98D9-EE6E8789C592}.Debug|x64.Build.0 = Debug|Any CPU
		{4837E73B-2B12-442F-98D9-EE6E8789C592}.Debug|Any CPU.ActiveCfg = Debug|Any CPU
		{4837E73B-2B12-442F-98D9-EE6E8789C592}.Debug|Any CPU.Build.0 = Debug|Any CPU
		{4837E73B-2B12-442F-98D9-EE6E8789C592}.Debug|x86.ActiveCfg = Debug|Any CPU
		{4837E73B-2B12-442F-98D9-EE6E8789C592}.Debug|x86.Build.0 = Debug|Any CPU
		{4837E73B-2B12-442F-98D9-EE6E8789C592}.Release|x64.ActiveCfg = Release|Any CPU
		{4837E73B-2B12-442F-98D9-EE6E8789C592}.Release|x64.Build.0 = Release|Any CPU
		{4837E73B-2B12-442F-98D9-EE6E8789C592}.Release|Any CPU.ActiveCfg = Release|Any CPU
		{4837E73B-2B12-442F-98D9-EE6E8789C592}.Release|Any CPU.Build.0 = Release|Any CPU
		{4837E73B-2B12-442F-98D9-EE6E8789C592}.Release|x86.ActiveCfg = Release|Any CPU
		{4837E73B-2B12-442F-98D9-EE6E8789C592}.Release|x86.Build.0 = Release|Any CPU
		{549DA72F-7220-450C-8391-A94D74CC56D0}.Debug|x64.ActiveCfg = Debug|Any CPU
		{549DA72F-7220-450C-8391-A94D74CC56D0}.Debug|x64.Build.0 = Debug|Any CPU
		{549DA72F-7220-450C-8391-A94D74CC56D0}.Debug|Any CPU.ActiveCfg = Debug|Any CPU
		{549DA72F-7220-450C-8391-A94D74CC56D0}.Debug|Any CPU.Build.0 = Debug|Any CPU
		{549DA72F-7220-450C-8391-A94D74CC56D0}.Debug|x86.ActiveCfg = Debug|Any CPU
		{549DA72F-7220-450C-8391-A94D74CC56D0}.Debug|x86.Build.0 = Debug|Any CPU
		{549DA72F-7220-450C-8391-A94D74CC56D0}.Release|x64.ActiveCfg = Release|Any CPU
		{549DA72F-7220-450C-8391-A94D74CC56D0}.Release|x64.Build.0 = Release|Any CPU
		{549DA72F-7220-450C-8391-A94D74CC56D0}.Release|Any CPU.ActiveCfg = Release|Any CPU
		{549DA72F-7220-450C-8391-A94D74CC56D0}.Release|Any CPU.Build.0 = Release|Any CPU
		{549DA72F-7220-450C-8391-A94D74CC56D0}.Release|x86.ActiveCfg = Release|Any CPU
		{549DA72F-7220-450C-8391-A94D74CC56D0}.Release|x86.Build.0 = Release|Any CPU
		{04ACBF66-652B-4751-B2A3-C8F2AE22E353}.Debug|x64.ActiveCfg = Debug|Any CPU
		{04ACBF66-652B-4751-B2A3-C8F2AE22E353}.Debug|x64.Build.0 = Debug|Any CPU
		{04ACBF66-652B-4751-B2A3-C8F2AE22E353}.Debug|Any CPU.ActiveCfg = Debug|Any CPU
		{04ACBF66-652B-4751-B2A3-C8F2AE22E353}.Debug|Any CPU.Build.0 = Debug|Any CPU
		{04ACBF66-652B-4751-B2A3-C8F2AE22E353}.Debug|x86.ActiveCfg = Debug|Any CPU
		{04ACBF66-652B-4751-B2A3-C8F2AE22E353}.Debug|x86.Build.0 = Debug|Any CPU
		{04ACBF66-652B-4751-B2A3-C8F2AE22E353}.Release|x64.ActiveCfg = Release|Any CPU
		{04ACBF66-652B-4751-B2A3-C8F2AE22E353}.Release|x64.Build.0 = Release|Any CPU
		{04ACBF66-652B-4751-B2A3-C8F2AE22E353}.Release|Any CPU.ActiveCfg = Release|Any CPU
		{04ACBF66-652B-4751-B2A3-C8F2AE22E353}.Release|Any CPU.Build.0 = Release|Any CPU
		{04ACBF66-652B-4751-B2A3-C8F2AE22E353}.Release|x86.ActiveCfg = Release|Any CPU
		{04ACBF66-652B-4751-B2A3-C8F2AE22E353}.Release|x86.Build.0 = Release|Any CPU
		{6BD0E0EC-5D1B-4220-889B-13681FA52B1E}.Debug|x64.ActiveCfg = Debug|x64
		{6BD0E0EC-5D1B-4220-889B-13681FA52B1E}.Debug|x64.Build.0 = Debug|x64
		{6BD0E0EC-5D1B-4220-889B-13681FA52B1E}.Debug|Any CPU.ActiveCfg = Debug|x64
		{6BD0E0EC-5D1B-4220-889B-13681FA52B1E}.Debug|Any CPU.Build.0 = Debug|x64
		{6BD0E0EC-5D1B-4220-889B-13681FA52B1E}.Debug|x86.ActiveCfg = Debug|x86
		{6BD0E0EC-5D1B-4220-889B-13681FA52B1E}.Debug|x86.Build.0 = Debug|x86
		{6BD0E0EC-5D1B-4220-889B-13681FA52B1E}.Release|x64.ActiveCfg = Release|x64
		{6BD0E0EC-5D1B-4220-889B-13681FA52B1E}.Release|x64.Build.0 = Release|x64
		{6BD0E0EC-5D1B-4220-889B-13681FA52B1E}.Release|Any CPU.ActiveCfg = Release|x64
		{6BD0E0EC-5D1B-4220-889B-13681FA52B1E}.Release|Any CPU.Build.0 = Release|x64
		{6BD0E0EC-5D1B-4220-889B-13681FA52B1E}.Release|x86.ActiveCfg = Release|x86
		{6BD0E0EC-5D1B-4220-889B-13681FA52B1E}.Release|x86.Build.0 = Release|x86
		{C360BB2B-AAF4-44DE-B335-91F3A91E7B9A}.Debug|x64.ActiveCfg = Debug|x64
		{C360BB2B-AAF4-44DE-B335-91F3A91E7B9A}.Debug|x64.Build.0 = Debug|x64
		{C360BB2B-AAF4-44DE-B335-91F3A91E7B9A}.Debug|Any CPU.ActiveCfg = Debug|x64
		{C360BB2B-AAF4-44DE-B335-91F3A91E7B9A}.Debug|Any CPU.Build.0 = Debug|x64
		{C360BB2B-AAF4-44DE-B335-91F3A91E7B9A}.Debug|x86.ActiveCfg = Debug|x86
		{C360BB2B-AAF4-44DE-B335-91F3A91E7B9A}.Debug|x86.Build.0 = Debug|x86
		{C360BB2B-AAF4-44DE-B335-91F3A91E7B9A}.Release|x64.ActiveCfg = Release|x64
		{C360BB2B-AAF4-44DE-B335-91F3A91E7B9A}.Release|x64.Build.0 = Release|x64
		{C360BB2B-AAF4-44DE-B335-91F3A91E7B9A}.Release|Any CPU.ActiveCfg = Release|x64
		{C360BB2B-AAF4-44DE-B335-91F3A91E7B9A}.Release|Any CPU.Build.0 = Release|x64
		{C360BB2B-AAF4-44DE-B335-91F3A91E7B9A}.Release|x86.ActiveCfg = Release|x86
		{C360BB2B-AAF4-44DE-B335-91F3A91E7B9A}.Release|x86.Build.0 = Release|x86
		{153FD3CC-BE60-4BE1-967E-25BEDD7B9CB2}.Debug|x64.ActiveCfg = Debug|x64
		{153FD3CC-BE60-4BE1-967E-25BEDD7B9CB2}.Debug|x64.Build.0 = Debug|x64
		{153FD3CC-BE60-4BE1-967E-25BEDD7B9CB2}.Debug|Any CPU.ActiveCfg = Debug|x64
		{153FD3CC-BE60-4BE1-967E-25BEDD7B9CB2}.Debug|Any CPU.Build.0 = Debug|x64
		{153FD3CC-BE60-4BE1-967E-25BEDD7B9CB2}.Debug|x86.ActiveCfg = Debug|x86
		{153FD3CC-BE60-4BE1-967E-25BEDD7B9CB2}.Debug|x86.Build.0 = Debug|x86
		{153FD3CC-BE60-4BE1-967E-25BEDD7B9CB2}.Release|x64.ActiveCfg = Release|x64
		{153FD3CC-BE60-4BE1-967E-25BEDD7B9CB2}.Release|x64.Build.0 = Release|x64
		{153FD3CC-BE60-4BE1-967E-25BEDD7B9CB2}.Release|Any CPU.ActiveCfg = Release|x64
		{153FD3CC-BE60-4BE1-967E-25BEDD7B9CB2}.Release|Any CPU.Build.0 = Release|x64
		{153FD3CC-BE60-4BE1-967E-25BEDD7B9CB2}.Release|x86.ActiveCfg = Release|x86
		{153FD3CC-BE60-4BE1-967E-25BEDD7B9CB2}.Release|x86.Build.0 = Release|x86
	EndGlobalSection
	GlobalSection(SolutionProperties) = preSolution
		HideSolutionNode = FALSE
	EndGlobalSection
EndGlobal
