
Microsoft Visual Studio Solution File, Format Version 12.00
# Visual Studio Version 17
VisualStudioVersion = 17.0.31903.59
MinimumVisualStudioVersion = 10.0.40219.1
Project("{FAE04EC0-301F-11D3-BF4B-00C04F79EFBC}") = "AnimationSample", "AnimationSample\AnimationSample.csproj", "{FAB46DB3-EC7E-44B5-82DB-FACD6823D588}"
EndProject
Project("{FAE04EC0-301F-11D3-BF4B-00C04F79EFBC}") = "AnimationSample.Assembly", "AnimationSample.Assembly\AnimationSample.Assembly.csproj", "{B1E00E1B-6D70-4249-BB7E-5DC4FB402483}"
EndProject
Project("{FAE04EC0-301F-11D3-BF4B-00C04F79EFBC}") = "DecaEngine", "..\..\DecaEngine\DecaEngine.csproj", "{F57138B2-F2A6-4E42-B924-52C91471A7BD}"
EndProject
Project("{FAE04EC0-301F-11D3-BF4B-00C04F79EFBC}") = "DecaEngine.Core", "..\..\DecaEngine.Core\DecaEngine.Core.csproj", "{EF3D7AA0-BB6B-4B9C-9B0B-6CE735F041D9}"
EndProject
Project("{FAE04EC0-301F-11D3-BF4B-00C04F79EFBC}") = "DecaEngine.Generator", "..\..\DecaEngine.Generator\DecaEngine.Generator.csproj", "{D4341796-052C-43CB-854A-78A078364929}"
EndProject
Project("{FAE04EC0-301F-11D3-BF4B-00C04F79EFBC}") = "DecaEngine.ImGui.Core", "..\..\DecaEngine.ImGui.Core\DecaEngine.ImGui.Core.csproj", "{622DB4D2-4646-4008-9A01-1287A56FDA1A}"
EndProject
Project("{FAE04EC0-301F-11D3-BF4B-00C04F79EFBC}") = "DecaEngine.Graphics.Core", "..\..\DecaEngine.Graphics.Core\DecaEngine.Graphics.Core.csproj", "{16B7EA0C-0D7D-40D7-892A-5F3C3CE6F13E}"
EndProject
Project("{FAE04EC0-301F-11D3-BF4B-00C04F79EFBC}") = "DecaEngine.Input.Core", "..\..\DecaEngine.Input.Core\DecaEngine.Input.Core.csproj", "{AB1096B2-027F-4498-82F3-F842D96E0889}"
EndProject
Project("{FAE04EC0-301F-11D3-BF4B-00C04F79EFBC}") = "DecaEngine.ImGui.DiligentRender", "..\..\DecaEngine.ImGui.DiligentRender\DecaEngine.ImGui.DiligentRender.csproj", "{C73F5DD4-0A9F-4F9A-9131-9AEFA459A5CC}"
EndProject
Project("{FAE04EC0-301F-11D3-BF4B-00C04F79EFBC}") = "DecaEngine.Graphics.Diligent", "..\..\DecaEngine.Graphics.Diligent\DecaEngine.Graphics.Diligent.csproj", "{2D31CDF6-6F39-467A-B58C-434A76791700}"
EndProject
Project("{FAE04EC0-301F-11D3-BF4B-00C04F79EFBC}") = "DecaEngine.Input.Sdl3", "..\..\DecaEngine.Input.Sdl3\DecaEngine.Input.Sdl3.csproj", "{16D7ED9A-42B8-4D8B-B033-9961A6ACD922}"
EndProject
Project("{FAE04EC0-301F-11D3-BF4B-00C04F79EFBC}") = "DecaEngine.Sdl3", "..\..\DecaEngine.Sdl3\DecaEngine.Sdl3.csproj", "{145FB1BF-4D29-40A1-994C-D8836CC34D67}"
EndProject
Project("{FAE04EC0-301F-11D3-BF4B-00C04F79EFBC}") = "DecaEngine.Profiling", "..\..\DecaEngine.Profiling\DecaEngine.Profiling.csproj", "{2978AD55-AF94-4592-B138-B938AE007216}"
EndProject
Project("{FAE04EC0-301F-11D3-BF4B-00C04F79EFBC}") = "DecaEngine.Utility", "..\..\DecaEngine.Utility\DecaEngine.Utility.csproj", "{FFCD2071-061D-4DB4-B395-5F45F0204878}"
EndProject
Project("{FAE04EC0-301F-11D3-BF4B-00C04F79EFBC}") = "DecaEngine.SourceGenerator", "..\..\DecaEngine.SourceGenerator\DecaEngine.SourceGenerator.csproj", "{CE2A3B82-CEB6-4241-9A0C-19F225E69DC3}"
EndProject
Project("{FAE04EC0-301F-11D3-BF4B-00C04F79EFBC}") = "DecaEngine.Generic", "..\..\DecaEngine.Generic\DecaEngine.Generic.csproj", "{826F9658-813B-4680-AD04-7283B0F1EA01}"
EndProject
Project("{FAE04EC0-301F-11D3-BF4B-00C04F79EFBC}") = "DecaEngine.Core.Build", "..\..\DecaEngine.Core.Build\DecaEngine.Core.Build.csproj", "{98C66AE3-56E3-4255-981E-E16283A08532}"
EndProject
Project("{FAE04EC0-301F-11D3-BF4B-00C04F79EFBC}") = "DecaEngine.Physics.Bepu", "..\..\DecaEngine.Physics.Bepu\DecaEngine.Physics.Bepu.csproj", "{76817CDE-A9ED-4685-8AC1-D0C0C8C5E046}"
EndProject
Global
	GlobalSection(SolutionConfigurationPlatforms) = preSolution
		Debug|Any CPU = Debug|Any CPU
		Debug|x64 = Debug|x64
		Debug|x86 = Debug|x86
		Release|Any CPU = Release|Any CPU
		Release|x64 = Release|x64
		Release|x86 = Release|x86
	EndGlobalSection
	GlobalSection(ProjectConfigurationPlatforms) = postSolution
		{FAB46DB3-EC7E-44B5-82DB-FACD6823D588}.Debug|Any CPU.ActiveCfg = Debug|Any CPU
		{FAB46DB3-EC7E-44B5-82DB-FACD6823D588}.Debug|Any CPU.Build.0 = Debug|Any CPU
		{FAB46DB3-EC7E-44B5-82DB-FACD6823D588}.Debug|x64.ActiveCfg = Debug|Any CPU
		{FAB46DB3-EC7E-44B5-82DB-FACD6823D588}.Debug|x64.Build.0 = Debug|Any CPU
		{FAB46DB3-EC7E-44B5-82DB-FACD6823D588}.Debug|x86.ActiveCfg = Debug|Any CPU
		{FAB46DB3-EC7E-44B5-82DB-FACD6823D588}.Debug|x86.Build.0 = Debug|Any CPU
		{FAB46DB3-EC7E-44B5-82DB-FACD6823D588}.Release|Any CPU.ActiveCfg = Release|Any CPU
		{FAB46DB3-EC7E-44B5-82DB-FACD6823D588}.Release|Any CPU.Build.0 = Release|Any CPU
		{FAB46DB3-EC7E-44B5-82DB-FACD6823D588}.Release|x64.ActiveCfg = Release|Any CPU
		{FAB46DB3-EC7E-44B5-82DB-FACD6823D588}.Release|x64.Build.0 = Release|Any CPU
		{FAB46DB3-EC7E-44B5-82DB-FACD6823D588}.Release|x86.ActiveCfg = Release|Any CPU
		{FAB46DB3-EC7E-44B5-82DB-FACD6823D588}.Release|x86.Build.0 = Release|Any CPU
		{B1E00E1B-6D70-4249-BB7E-5DC4FB402483}.Debug|Any CPU.ActiveCfg = Debug|Any CPU
		{B1E00E1B-6D70-4249-BB7E-5DC4FB402483}.Debug|Any CPU.Build.0 = Debug|Any CPU
		{B1E00E1B-6D70-4249-BB7E-5DC4FB402483}.Debug|x64.ActiveCfg = Debug|Any CPU
		{B1E00E1B-6D70-4249-BB7E-5DC4FB402483}.Debug|x64.Build.0 = Debug|Any CPU
		{B1E00E1B-6D70-4249-BB7E-5DC4FB402483}.Debug|x86.ActiveCfg = Debug|Any CPU
		{B1E00E1B-6D70-4249-BB7E-5DC4FB402483}.Debug|x86.Build.0 = Debug|Any CPU
		{B1E00E1B-6D70-4249-BB7E-5DC4FB402483}.Release|Any CPU.ActiveCfg = Release|Any CPU
		{B1E00E1B-6D70-4249-BB7E-5DC4FB402483}.Release|Any CPU.Build.0 = Release|Any CPU
		{B1E00E1B-6D70-4249-BB7E-5DC4FB402483}.Release|x64.ActiveCfg = Release|Any CPU
		{B1E00E1B-6D70-4249-BB7E-5DC4FB402483}.Release|x64.Build.0 = Release|Any CPU
		{B1E00E1B-6D70-4249-BB7E-5DC4FB402483}.Release|x86.ActiveCfg = Release|Any CPU
		{B1E00E1B-6D70-4249-BB7E-5DC4FB402483}.Release|x86.Build.0 = Release|Any CPU
		{F57138B2-F2A6-4E42-B924-52C91471A7BD}.Debug|Any CPU.ActiveCfg = Debug|x64
		{F57138B2-F2A6-4E42-B924-52C91471A7BD}.Debug|Any CPU.Build.0 = Debug|x64
		{F57138B2-F2A6-4E42-B924-52C91471A7BD}.Debug|x64.ActiveCfg = Debug|x64
		{F57138B2-F2A6-4E42-B924-52C91471A7BD}.Debug|x64.Build.0 = Debug|x64
		{F57138B2-F2A6-4E42-B924-52C91471A7BD}.Debug|x86.ActiveCfg = Debug|x86
		{F57138B2-F2A6-4E42-B924-52C91471A7BD}.Debug|x86.Build.0 = Debug|x86
		{F57138B2-F2A6-4E42-B924-52C91471A7BD}.Release|Any CPU.ActiveCfg = Release|x64
		{F57138B2-F2A6-4E42-B924-52C91471A7BD}.Release|Any CPU.Build.0 = Release|x64
		{F57138B2-F2A6-4E42-B924-52C91471A7BD}.Release|x64.ActiveCfg = Release|x64
		{F57138B2-F2A6-4E42-B924-52C91471A7BD}.Release|x64.Build.0 = Release|x64
		{F57138B2-F2A6-4E42-B924-52C91471A7BD}.Release|x86.ActiveCfg = Release|x86
		{F57138B2-F2A6-4E42-B924-52C91471A7BD}.Release|x86.Build.0 = Release|x86
		{EF3D7AA0-BB6B-4B9C-9B0B-6CE735F041D9}.Debug|Any CPU.ActiveCfg = Debug|x64
		{EF3D7AA0-BB6B-4B9C-9B0B-6CE735F041D9}.Debug|Any CPU.Build.0 = Debug|x64
		{EF3D7AA0-BB6B-4B9C-9B0B-6CE735F041D9}.Debug|x64.ActiveCfg = Debug|x64
		{EF3D7AA0-BB6B-4B9C-9B0B-6CE735F041D9}.Debug|x64.Build.0 = Debug|x64
		{EF3D7AA0-BB6B-4B9C-9B0B-6CE735F041D9}.Debug|x86.ActiveCfg = Debug|x86
		{EF3D7AA0-BB6B-4B9C-9B0B-6CE735F041D9}.Debug|x86.Build.0 = Debug|x86
		{EF3D7AA0-BB6B-4B9C-9B0B-6CE735F041D9}.Release|Any CPU.ActiveCfg = Release|x64
		{EF3D7AA0-BB6B-4B9C-9B0B-6CE735F041D9}.Release|Any CPU.Build.0 = Release|x64
		{EF3D7AA0-BB6B-4B9C-9B0B-6CE735F041D9}.Release|x64.ActiveCfg = Release|x64
		{EF3D7AA0-BB6B-4B9C-9B0B-6CE735F041D9}.Release|x64.Build.0 = Release|x64
		{EF3D7AA0-BB6B-4B9C-9B0B-6CE735F041D9}.Release|x86.ActiveCfg = Release|x86
		{EF3D7AA0-BB6B-4B9C-9B0B-6CE735F041D9}.Release|x86.Build.0 = Release|x86
		{D4341796-052C-43CB-854A-78A078364929}.Debug|Any CPU.ActiveCfg = Debug|Any CPU
		{D4341796-052C-43CB-854A-78A078364929}.Debug|Any CPU.Build.0 = Debug|Any CPU
		{D4341796-052C-43CB-854A-78A078364929}.Debug|x64.ActiveCfg = Debug|Any CPU
		{D4341796-052C-43CB-854A-78A078364929}.Debug|x64.Build.0 = Debug|Any CPU
		{D4341796-052C-43CB-854A-78A078364929}.Debug|x86.ActiveCfg = Debug|Any CPU
		{D4341796-052C-43CB-854A-78A078364929}.Debug|x86.Build.0 = Debug|Any CPU
		{D4341796-052C-43CB-854A-78A078364929}.Release|Any CPU.ActiveCfg = Release|Any CPU
		{D4341796-052C-43CB-854A-78A078364929}.Release|Any CPU.Build.0 = Release|Any CPU
		{D4341796-052C-43CB-854A-78A078364929}.Release|x64.ActiveCfg = Release|Any CPU
		{D4341796-052C-43CB-854A-78A078364929}.Release|x64.Build.0 = Release|Any CPU
		{D4341796-052C-43CB-854A-78A078364929}.Release|x86.ActiveCfg = Release|Any CPU
		{D4341796-052C-43CB-854A-78A078364929}.Release|x86.Build.0 = Release|Any CPU
		{622DB4D2-4646-4008-9A01-1287A56FDA1A}.Debug|Any CPU.ActiveCfg = Debug|Any CPU
		{622DB4D2-4646-4008-9A01-1287A56FDA1A}.Debug|Any CPU.Build.0 = Debug|Any CPU
		{622DB4D2-4646-4008-9A01-1287A56FDA1A}.Debug|x64.ActiveCfg = Debug|Any CPU
		{622DB4D2-4646-4008-9A01-1287A56FDA1A}.Debug|x64.Build.0 = Debug|Any CPU
		{622DB4D2-4646-4008-9A01-1287A56FDA1A}.Debug|x86.ActiveCfg = Debug|Any CPU
		{622DB4D2-4646-4008-9A01-1287A56FDA1A}.Debug|x86.Build.0 = Debug|Any CPU
		{622DB4D2-4646-4008-9A01-1287A56FDA1A}.Release|Any CPU.ActiveCfg = Release|Any CPU
		{622DB4D2-4646-4008-9A01-1287A56FDA1A}.Release|Any CPU.Build.0 = Release|Any CPU
		{622DB4D2-4646-4008-9A01-1287A56FDA1A}.Release|x64.ActiveCfg = Release|Any CPU
		{622DB4D2-4646-4008-9A01-1287A56FDA1A}.Release|x64.Build.0 = Release|Any CPU
		{622DB4D2-4646-4008-9A01-1287A56FDA1A}.Release|x86.ActiveCfg = Release|Any CPU
		{622DB4D2-4646-4008-9A01-1287A56FDA1A}.Release|x86.Build.0 = Release|Any CPU
		{16B7EA0C-0D7D-40D7-892A-5F3C3CE6F13E}.Debug|Any CPU.ActiveCfg = Debug|Any CPU
		{16B7EA0C-0D7D-40D7-892A-5F3C3CE6F13E}.Debug|Any CPU.Build.0 = Debug|Any CPU
		{16B7EA0C-0D7D-40D7-892A-5F3C3CE6F13E}.Debug|x64.ActiveCfg = Debug|Any CPU
		{16B7EA0C-0D7D-40D7-892A-5F3C3CE6F13E}.Debug|x64.Build.0 = Debug|Any CPU
		{16B7EA0C-0D7D-40D7-892A-5F3C3CE6F13E}.Debug|x86.ActiveCfg = Debug|Any CPU
		{16B7EA0C-0D7D-40D7-892A-5F3C3CE6F13E}.Debug|x86.Build.0 = Debug|Any CPU
		{16B7EA0C-0D7D-40D7-892A-5F3C3CE6F13E}.Release|Any CPU.ActiveCfg = Release|Any CPU
		{16B7EA0C-0D7D-40D7-892A-5F3C3CE6F13E}.Release|Any CPU.Build.0 = Release|Any CPU
		{16B7EA0C-0D7D-40D7-892A-5F3C3CE6F13E}.Release|x64.ActiveCfg = Release|Any CPU
		{16B7EA0C-0D7D-40D7-892A-5F3C3CE6F13E}.Release|x64.Build.0 = Release|Any CPU
		{16B7EA0C-0D7D-40D7-892A-5F3C3CE6F13E}.Release|x86.ActiveCfg = Release|Any CPU
		{16B7EA0C-0D7D-40D7-892A-5F3C3CE6F13E}.Release|x86.Build.0 = Release|Any CPU
		{AB1096B2-027F-4498-82F3-F842D96E0889}.Debug|Any CPU.ActiveCfg = Debug|Any CPU
		{AB1096B2-027F-4498-82F3-F842D96E0889}.Debug|Any CPU.Build.0 = Debug|Any CPU
		{AB1096B2-027F-4498-82F3-F842D96E0889}.Debug|x64.ActiveCfg = Debug|Any CPU
		{AB1096B2-027F-4498-82F3-F842D96E0889}.Debug|x64.Build.0 = Debug|Any CPU
		{AB1096B2-027F-4498-82F3-F842D96E0889}.Debug|x86.ActiveCfg = Debug|Any CPU
		{AB1096B2-027F-4498-82F3-F842D96E0889}.Debug|x86.Build.0 = Debug|Any CPU
		{AB1096B2-027F-4498-82F3-F842D96E0889}.Release|Any CPU.ActiveCfg = Release|Any CPU
		{AB1096B2-027F-4498-82F3-F842D96E0889}.Release|Any CPU.Build.0 = Release|Any CPU
		{AB1096B2-027F-4498-82F3-F842D96E0889}.Release|x64.ActiveCfg = Release|Any CPU
		{AB1096B2-027F-4498-82F3-F842D96E0889}.Release|x64.Build.0 = Release|Any CPU
		{AB1096B2-027F-4498-82F3-F842D96E0889}.Release|x86.ActiveCfg = Release|Any CPU
		{AB1096B2-027F-4498-82F3-F842D96E0889}.Release|x86.Build.0 = Release|Any CPU
		{C73F5DD4-0A9F-4F9A-9131-9AEFA459A5CC}.Debug|Any CPU.ActiveCfg = Debug|x64
		{C73F5DD4-0A9F-4F9A-9131-9AEFA459A5CC}.Debug|Any CPU.Build.0 = Debug|x64
		{C73F5DD4-0A9F-4F9A-9131-9AEFA459A5CC}.Debug|x64.ActiveCfg = Debug|x64
		{C73F5DD4-0A9F-4F9A-9131-9AEFA459A5CC}.Debug|x64.Build.0 = Debug|x64
		{C73F5DD4-0A9F-4F9A-9131-9AEFA459A5CC}.Debug|x86.ActiveCfg = Debug|x86
		{C73F5DD4-0A9F-4F9A-9131-9AEFA459A5CC}.Debug|x86.Build.0 = Debug|x86
		{C73F5DD4-0A9F-4F9A-9131-9AEFA459A5CC}.Release|Any CPU.ActiveCfg = Release|x64
		{C73F5DD4-0A9F-4F9A-9131-9AEFA459A5CC}.Release|Any CPU.Build.0 = Release|x64
		{C73F5DD4-0A9F-4F9A-9131-9AEFA459A5CC}.Release|x64.ActiveCfg = Release|x64
		{C73F5DD4-0A9F-4F9A-9131-9AEFA459A5CC}.Release|x64.Build.0 = Release|x64
		{C73F5DD4-0A9F-4F9A-9131-9AEFA459A5CC}.Release|x86.ActiveCfg = Release|x86
		{C73F5DD4-0A9F-4F9A-9131-9AEFA459A5CC}.Release|x86.Build.0 = Release|x86
		{2D31CDF6-6F39-467A-B58C-434A76791700}.Debug|Any CPU.ActiveCfg = Debug|x64
		{2D31CDF6-6F39-467A-B58C-434A76791700}.Debug|Any CPU.Build.0 = Debug|x64
		{2D31CDF6-6F39-467A-B58C-434A76791700}.Debug|x64.ActiveCfg = Debug|x64
		{2D31CDF6-6F39-467A-B58C-434A76791700}.Debug|x64.Build.0 = Debug|x64
		{2D31CDF6-6F39-467A-B58C-434A76791700}.Debug|x86.ActiveCfg = Debug|x86
		{2D31CDF6-6F39-467A-B58C-434A76791700}.Debug|x86.Build.0 = Debug|x86
		{2D31CDF6-6F39-467A-B58C-434A76791700}.Release|Any CPU.ActiveCfg = Release|x64
		{2D31CDF6-6F39-467A-B58C-434A76791700}.Release|Any CPU.Build.0 = Release|x64
		{2D31CDF6-6F39-467A-B58C-434A76791700}.Release|x64.ActiveCfg = Release|x64
		{2D31CDF6-6F39-467A-B58C-434A76791700}.Release|x64.Build.0 = Release|x64
		{2D31CDF6-6F39-467A-B58C-434A76791700}.Release|x86.ActiveCfg = Release|x86
		{2D31CDF6-6F39-467A-B58C-434A76791700}.Release|x86.Build.0 = Release|x86
		{16D7ED9A-42B8-4D8B-B033-9961A6ACD922}.Debug|Any CPU.ActiveCfg = Debug|Any CPU
		{16D7ED9A-42B8-4D8B-B033-9961A6ACD922}.Debug|Any CPU.Build.0 = Debug|Any CPU
		{16D7ED9A-42B8-4D8B-B033-9961A6ACD922}.Debug|x64.ActiveCfg = Debug|Any CPU
		{16D7ED9A-42B8-4D8B-B033-9961A6ACD922}.Debug|x64.Build.0 = Debug|Any CPU
		{16D7ED9A-42B8-4D8B-B033-9961A6ACD922}.Debug|x86.ActiveCfg = Debug|Any CPU
		{16D7ED9A-42B8-4D8B-B033-9961A6ACD922}.Debug|x86.Build.0 = Debug|Any CPU
		{16D7ED9A-42B8-4D8B-B033-9961A6ACD922}.Release|Any CPU.ActiveCfg = Release|Any CPU
		{16D7ED9A-42B8-4D8B-B033-9961A6ACD922}.Release|Any CPU.Build.0 = Release|Any CPU
		{16D7ED9A-42B8-4D8B-B033-9961A6ACD922}.Release|x64.ActiveCfg = Release|Any CPU
		{16D7ED9A-42B8-4D8B-B033-9961A6ACD922}.Release|x64.Build.0 = Release|Any CPU
		{16D7ED9A-42B8-4D8B-B033-9961A6ACD922}.Release|x86.ActiveCfg = Release|Any CPU
		{16D7ED9A-42B8-4D8B-B033-9961A6ACD922}.Release|x86.Build.0 = Release|Any CPU
		{145FB1BF-4D29-40A1-994C-D8836CC34D67}.Debug|Any CPU.ActiveCfg = Debug|Any CPU
		{145FB1BF-4D29-40A1-994C-D8836CC34D67}.Debug|Any CPU.Build.0 = Debug|Any CPU
		{145FB1BF-4D29-40A1-994C-D8836CC34D67}.Debug|x64.ActiveCfg = Debug|Any CPU
		{145FB1BF-4D29-40A1-994C-D8836CC34D67}.Debug|x64.Build.0 = Debug|Any CPU
		{145FB1BF-4D29-40A1-994C-D8836CC34D67}.Debug|x86.ActiveCfg = Debug|Any CPU
		{145FB1BF-4D29-40A1-994C-D8836CC34D67}.Debug|x86.Build.0 = Debug|Any CPU
		{145FB1BF-4D29-40A1-994C-D8836CC34D67}.Release|Any CPU.ActiveCfg = Release|Any CPU
		{145FB1BF-4D29-40A1-994C-D8836CC34D67}.Release|Any CPU.Build.0 = Release|Any CPU
		{145FB1BF-4D29-40A1-994C-D8836CC34D67}.Release|x64.ActiveCfg = Release|Any CPU
		{145FB1BF-4D29-40A1-994C-D8836CC34D67}.Release|x64.Build.0 = Release|Any CPU
		{145FB1BF-4D29-40A1-994C-D8836CC34D67}.Release|x86.ActiveCfg = Release|Any CPU
		{145FB1BF-4D29-40A1-994C-D8836CC34D67}.Release|x86.Build.0 = Release|Any CPU
		{2978AD55-AF94-4592-B138-B938AE007216}.Debug|Any CPU.ActiveCfg = Debug|Any CPU
		{2978AD55-AF94-4592-B138-B938AE007216}.Debug|Any CPU.Build.0 = Debug|Any CPU
		{2978AD55-AF94-4592-B138-B938AE007216}.Debug|x64.ActiveCfg = Debug|Any CPU
		{2978AD55-AF94-4592-B138-B938AE007216}.Debug|x64.Build.0 = Debug|Any CPU
		{2978AD55-AF94-4592-B138-B938AE007216}.Debug|x86.ActiveCfg = Debug|Any CPU
		{2978AD55-AF94-4592-B138-B938AE007216}.Debug|x86.Build.0 = Debug|Any CPU
		{2978AD55-AF94-4592-B138-B938AE007216}.Release|Any CPU.ActiveCfg = Release|Any CPU
		{2978AD55-AF94-4592-B138-B938AE007216}.Release|Any CPU.Build.0 = Release|Any CPU
		{2978AD55-AF94-4592-B138-B938AE007216}.Release|x64.ActiveCfg = Release|Any CPU
		{2978AD55-AF94-4592-B138-B938AE007216}.Release|x64.Build.0 = Release|Any CPU
		{2978AD55-AF94-4592-B138-B938AE007216}.Release|x86.ActiveCfg = Release|Any CPU
		{2978AD55-AF94-4592-B138-B938AE007216}.Release|x86.Build.0 = Release|Any CPU
		{FFCD2071-061D-4DB4-B395-5F45F0204878}.Debug|Any CPU.ActiveCfg = Debug|Any CPU
		{FFCD2071-061D-4DB4-B395-5F45F0204878}.Debug|Any CPU.Build.0 = Debug|Any CPU
		{FFCD2071-061D-4DB4-B395-5F45F0204878}.Debug|x64.ActiveCfg = Debug|Any CPU
		{FFCD2071-061D-4DB4-B395-5F45F0204878}.Debug|x64.Build.0 = Debug|Any CPU
		{FFCD2071-061D-4DB4-B395-5F45F0204878}.Debug|x86.ActiveCfg = Debug|Any CPU
		{FFCD2071-061D-4DB4-B395-5F45F0204878}.Debug|x86.Build.0 = Debug|Any CPU
		{FFCD2071-061D-4DB4-B395-5F45F0204878}.Release|Any CPU.ActiveCfg = Release|Any CPU
		{FFCD2071-061D-4DB4-B395-5F45F0204878}.Release|Any CPU.Build.0 = Release|Any CPU
		{FFCD2071-061D-4DB4-B395-5F45F0204878}.Release|x64.ActiveCfg = Release|Any CPU
		{FFCD2071-061D-4DB4-B395-5F45F0204878}.Release|x64.Build.0 = Release|Any CPU
		{FFCD2071-061D-4DB4-B395-5F45F0204878}.Release|x86.ActiveCfg = Release|Any CPU
		{FFCD2071-061D-4DB4-B395-5F45F0204878}.Release|x86.Build.0 = Release|Any CPU
		{CE2A3B82-CEB6-4241-9A0C-19F225E69DC3}.Debug|Any CPU.ActiveCfg = Debug|Any CPU
		{CE2A3B82-CEB6-4241-9A0C-19F225E69DC3}.Debug|Any CPU.Build.0 = Debug|Any CPU
		{CE2A3B82-CEB6-4241-9A0C-19F225E69DC3}.Debug|x64.ActiveCfg = Debug|Any CPU
		{CE2A3B82-CEB6-4241-9A0C-19F225E69DC3}.Debug|x64.Build.0 = Debug|Any CPU
		{CE2A3B82-CEB6-4241-9A0C-19F225E69DC3}.Debug|x86.ActiveCfg = Debug|Any CPU
		{CE2A3B82-CEB6-4241-9A0C-19F225E69DC3}.Debug|x86.Build.0 = Debug|Any CPU
		{CE2A3B82-CEB6-4241-9A0C-19F225E69DC3}.Release|Any CPU.ActiveCfg = Release|Any CPU
		{CE2A3B82-CEB6-4241-9A0C-19F225E69DC3}.Release|Any CPU.Build.0 = Release|Any CPU
		{CE2A3B82-CEB6-4241-9A0C-19F225E69DC3}.Release|x64.ActiveCfg = Release|Any CPU
		{CE2A3B82-CEB6-4241-9A0C-19F225E69DC3}.Release|x64.Build.0 = Release|Any CPU
		{CE2A3B82-CEB6-4241-9A0C-19F225E69DC3}.Release|x86.ActiveCfg = Release|Any CPU
		{CE2A3B82-CEB6-4241-9A0C-19F225E69DC3}.Release|x86.Build.0 = Release|Any CPU
		{826F9658-813B-4680-AD04-7283B0F1EA01}.Debug|Any CPU.ActiveCfg = Debug|Any CPU
		{826F9658-813B-4680-AD04-7283B0F1EA01}.Debug|Any CPU.Build.0 = Debug|Any CPU
		{826F9658-813B-4680-AD04-7283B0F1EA01}.Debug|x64.ActiveCfg = Debug|Any CPU
		{826F9658-813B-4680-AD04-7283B0F1EA01}.Debug|x64.Build.0 = Debug|Any CPU
		{826F9658-813B-4680-AD04-7283B0F1EA01}.Debug|x86.ActiveCfg = Debug|Any CPU
		{826F9658-813B-4680-AD04-7283B0F1EA01}.Debug|x86.Build.0 = Debug|Any CPU
		{826F9658-813B-4680-AD04-7283B0F1EA01}.Release|Any CPU.ActiveCfg = Release|Any CPU
		{826F9658-813B-4680-AD04-7283B0F1EA01}.Release|Any CPU.Build.0 = Release|Any CPU
		{826F9658-813B-4680-AD04-7283B0F1EA01}.Release|x64.ActiveCfg = Release|Any CPU
		{826F9658-813B-4680-AD04-7283B0F1EA01}.Release|x64.Build.0 = Release|Any CPU
		{826F9658-813B-4680-AD04-7283B0F1EA01}.Release|x86.ActiveCfg = Release|Any CPU
		{826F9658-813B-4680-AD04-7283B0F1EA01}.Release|x86.Build.0 = Release|Any CPU
		{98C66AE3-56E3-4255-981E-E16283A08532}.Debug|Any CPU.ActiveCfg = Debug|Any CPU
		{98C66AE3-56E3-4255-981E-E16283A08532}.Debug|Any CPU.Build.0 = Debug|Any CPU
		{98C66AE3-56E3-4255-981E-E16283A08532}.Debug|x64.ActiveCfg = Debug|Any CPU
		{98C66AE3-56E3-4255-981E-E16283A08532}.Debug|x64.Build.0 = Debug|Any CPU
		{98C66AE3-56E3-4255-981E-E16283A08532}.Debug|x86.ActiveCfg = Debug|Any CPU
		{98C66AE3-56E3-4255-981E-E16283A08532}.Debug|x86.Build.0 = Debug|Any CPU
		{98C66AE3-56E3-4255-981E-E16283A08532}.Release|Any CPU.ActiveCfg = Release|Any CPU
		{98C66AE3-56E3-4255-981E-E16283A08532}.Release|Any CPU.Build.0 = Release|Any CPU
		{98C66AE3-56E3-4255-981E-E16283A08532}.Release|x64.ActiveCfg = Release|Any CPU
		{98C66AE3-56E3-4255-981E-E16283A08532}.Release|x64.Build.0 = Release|Any CPU
		{98C66AE3-56E3-4255-981E-E16283A08532}.Release|x86.ActiveCfg = Release|Any CPU
		{98C66AE3-56E3-4255-981E-E16283A08532}.Release|x86.Build.0 = Release|Any CPU
		{76817CDE-A9ED-4685-8AC1-D0C0C8C5E046}.Debug|Any CPU.ActiveCfg = Debug|Any CPU
		{76817CDE-A9ED-4685-8AC1-D0C0C8C5E046}.Debug|Any CPU.Build.0 = Debug|Any CPU
		{76817CDE-A9ED-4685-8AC1-D0C0C8C5E046}.Debug|x64.ActiveCfg = Debug|Any CPU
		{76817CDE-A9ED-4685-8AC1-D0C0C8C5E046}.Debug|x64.Build.0 = Debug|Any CPU
		{76817CDE-A9ED-4685-8AC1-D0C0C8C5E046}.Debug|x86.ActiveCfg = Debug|Any CPU
		{76817CDE-A9ED-4685-8AC1-D0C0C8C5E046}.Debug|x86.Build.0 = Debug|Any CPU
		{76817CDE-A9ED-4685-8AC1-D0C0C8C5E046}.Release|Any CPU.ActiveCfg = Release|Any CPU
		{76817CDE-A9ED-4685-8AC1-D0C0C8C5E046}.Release|Any CPU.Build.0 = Release|Any CPU
		{76817CDE-A9ED-4685-8AC1-D0C0C8C5E046}.Release|x64.ActiveCfg = Release|Any CPU
		{76817CDE-A9ED-4685-8AC1-D0C0C8C5E046}.Release|x64.Build.0 = Release|Any CPU
		{76817CDE-A9ED-4685-8AC1-D0C0C8C5E046}.Release|x86.ActiveCfg = Release|Any CPU
		{76817CDE-A9ED-4685-8AC1-D0C0C8C5E046}.Release|x86.Build.0 = Release|Any CPU
	EndGlobalSection
	GlobalSection(SolutionProperties) = preSolution
		HideSolutionNode = FALSE
	EndGlobalSection
EndGlobal
